# This file is autogenerated, do not edit; changes may be undone by the next 'dep ensure'.


[[projects]]
  digest = "1:f1e5f4a7f775359b998bc9d6fe6286e2c542d742b315ee8e7aac60cf7f57dd98"
  name = "bitbucket.org/atlassian/go-asap"
  packages = ["."]
  pruneopts = "UT"
  revision = "3e884c030d60a673f303a65847ae0db10e1b3973"
  source = "https://bitbucket.org/atlassian/go-asap.git"
  version = "v2.3.0"

[[projects]]
  digest = "1:c21b46104868b608375f701a757e57771ac8e5dece94e4dd3ef0c65bcf121d3d"
  name = "cloud.google.com/go"
  packages = [
    "compute/metadata",
    "iam",
    "internal/optional",
    "internal/version",
    "pubsub",
    "pubsub/apiv1",
    "pubsub/internal/distribution",
  ]
  pruneopts = "UT"
  revision = "457ea5c15ccf3b87db582c450e80101989da35f7"
  version = "v0.40.0"

[[projects]]
  digest = "1:6d8a3b164679872fa5a4c44559235f7fb109c7b5cd0f456a2159d579b76cc9ba"
  name = "github.com/DataDog/zstd"
  packages = ["."]
  pruneopts = "UT"
  revision = "809b919c325d7887bff7bd876162af73db53e878"
  version = "v1.4.0"

[[projects]]
  digest = "1:87646314d6059ab5f937694b7e9e79fa6048b5a3708881a92f4128b91f1037fa"
  name = "github.com/Jeffail/benthos"
  packages = [
    "lib/api",
    "lib/broker",
    "lib/buffer",
    "lib/buffer/parallel",
    "lib/buffer/single",
    "lib/cache",
    "lib/condition",
    "lib/config",
    "lib/input",
    "lib/input/reader",
    "lib/log",
    "lib/manager",
    "lib/message",
    "lib/message/mapper",
    "lib/message/metadata",
    "lib/message/roundtrip",
    "lib/message/tracing",
    "lib/metrics",
    "lib/output",
    "lib/output/writer",
    "lib/pipeline",
    "lib/processor",
    "lib/ratelimit",
    "lib/response",
    "lib/serverless",
    "lib/stream",
    "lib/tracer",
    "lib/types",
    "lib/util/aws/lambda/client",
    "lib/util/aws/session",
    "lib/util/config",
    "lib/util/disk",
    "lib/util/http",
    "lib/util/http/auth",
    "lib/util/http/client",
    "lib/util/retries",
    "lib/util/text",
    "lib/util/throttle",
    "lib/util/tls",
  ]
  pruneopts = "UT"
  revision = "6d8681ee006de345ba57f5f265bd16950794a96e"
  version = "v2.7.0"

[[projects]]
  digest = "1:06f9276c40d85647a9227cbf935f81b763171ca4f60c623ec172d40bce0613fa"
  name = "github.com/Jeffail/gabs"
  packages = ["."]
  pruneopts = "UT"
  revision = "636cf72d5e3c0ebad157af7c694469e7d89cec0f"
  version = "v1.4.0"

[[projects]]
  digest = "1:f9ae348e1f793dcf9ed930ed47136a67343dbd6809c5c91391322267f4476892"
  name = "github.com/Microsoft/go-winio"
  packages = ["."]
  pruneopts = "UT"
  revision = "1a8911d1ed007260465c3bfbbc785ac6915a0bb8"
  version = "v0.4.12"

[[projects]]
  digest = "1:f2aa950b9738feb15ce4a6958f899969fc0908c9c6f9fad97fb4fb6bdd0f98ff"
  name = "github.com/OneOfOne/xxhash"
  packages = ["."]
  pruneopts = "UT"
  revision = "c1e3185f167680b62832a0a11938a04b1ab265fc"
  version = "v1.2.5"

[[projects]]
  digest = "1:a69ab3f1445ffd4815add4bd31ba05b65b3b9fec1ade5057d5d717f30e6efd6d"
  name = "github.com/SermoDigital/jose"
  packages = [
    ".",
    "crypto",
    "jws",
    "jwt",
  ]
  pruneopts = "UT"
  revision = "f6df55f235c24f236d11dbcf665249a59ac2021f"
  version = "1.1"

[[projects]]
  digest = "1:2ec153af6a806c3d63d4299f2549bcb29d75d9703097341be309a46db3481488"
  name = "github.com/Shopify/sarama"
  packages = ["."]
  pruneopts = "UT"
  revision = "ea9ab1c316850bee881a07bb2555ee8a685cd4b6"
  version = "v1.22.1"

[[projects]]
  digest = "1:c47f4964978e211c6e566596ec6246c329912ea92e9bb99c00798bb4564c5b09"
  name = "github.com/armon/go-radix"
  packages = ["."]
  pruneopts = "UT"
  revision = "1a2de0c21c94309923825da3df33a4381872c795"
  version = "v1.0.0"

[[projects]]
  digest = "1:6cbbc75cfbe13f5b3ee14c0395ba218144c8f72dc9d610057692c107e40fbab4"
  name = "github.com/asecurityteam/component-connstate"
  packages = ["."]
  pruneopts = "UT"
  revision = "e8371614dbdbf67c13cb416c6b7366b0b4570bc4"
  version = "v0.1.0"

[[projects]]
  digest = "1:50b6054c3166cb1490af953aca2fe787549c571072e90fb8977a063ca90c8883"
  name = "github.com/asecurityteam/component-expvar"
  packages = ["."]
  pruneopts = "UT"
  revision = "bf0d7879cb8dec94476c3861de4363767fa6e5f0"
  version = "v0.1.0"

[[projects]]
  digest = "1:8b9ba3608150cd32628b5d0b207f6862bf60197dded671d9a6f5a0077b014872"
  name = "github.com/asecurityteam/component-httpclient"
  packages = ["."]
  pruneopts = "UT"
  revision = "69d323f868fb31fd079962e3445271d387d55737"
  version = "v0.1.0"

[[projects]]
  digest = "1:2e65af6319735cecabb4fd33ad796b04929c5656667f2f94cdeda25535d81b59"
  name = "github.com/asecurityteam/component-log"
  packages = ["."]
  pruneopts = "UT"
  revision = "2a66e99dd017ee4200bb1483570af727995e6c5d"
  version = "v0.1.0"

[[projects]]
  digest = "1:60fa163427dd9801b5dc7b6f188c0eeb20d65fe94491a97b9c1e9790e427926d"
  name = "github.com/asecurityteam/component-producer"
  packages = ["."]
  pruneopts = "UT"
  revision = "d12d8033cbbd372ce8e5948ef672bbc385852035"
  version = "v0.3.0"

[[projects]]
  digest = "1:79c187e5b848602e1ab00b6bf1bc4b36b30b580cf3050590da6437caaffe6ec9"
  name = "github.com/asecurityteam/component-signals"
  packages = ["."]
  pruneopts = "UT"
  revision = "0d15bff7d1c866f9982eb1e70f84c5e4ef8e4854"
  version = "v0.1.0"

[[projects]]
  digest = "1:535f5aab9d8b2a9451d81673b6bcdb342a304fb8de506a11b08ae0fe0e7f24f7"
  name = "github.com/asecurityteam/component-stat"
  packages = ["."]
  pruneopts = "UT"
  revision = "4175403694f83e388be7d0f20404aee8cbb64916"
  version = "v0.1.0"

[[projects]]
  digest = "1:b4fccd099984b7d110071a0c53fdbc3bb1f5d9f444061f7c9e73ce49c6a15391"
  name = "github.com/asecurityteam/httpstats"
  packages = ["."]
  pruneopts = "UT"
  revision = "c2085dfd2a77f68d6a01a9105c3f2312e1ab2d9d"
  version = "2.1.1"

[[projects]]
  digest = "1:ffadaa3e19072a02b4727002937b7a677973f2eed0a89b4a8c750576339bbaa5"
  name = "github.com/asecurityteam/logevent"
  packages = [
    ".",
    "http",
  ]
  pruneopts = "UT"
  revision = "b32737d8d51c86c030b126ef9028cb2bab259aa1"
  version = "1.0.4"

[[projects]]
  digest = "1:07e44ec48d802cb92f337bfd3312aaced8d915a9934b60328f56a027c94138b7"
  name = "github.com/asecurityteam/runhttp"
  packages = ["."]
  pruneopts = "UT"
  revision = "d57832e45684af266e155f7d068b1212cb6e7eda"
  version = "v0.2.0"

[[projects]]
  digest = "1:a6062fd35f5a3e0fcb48b365f343f6cd87991e039510bedf4a30007ec2f436dc"
  name = "github.com/asecurityteam/serverfull"
  packages = ["."]
  pruneopts = "UT"
  revision = "b2396b0e00cb1a57eb4f78b468ff9cf80d14e2c0"
  version = "v0.4.0"

[[projects]]
  digest = "1:391bbf4e67d50d74c1bb7dfad79222181327ff6d9a32324ed022b12051b5d5e8"
  name = "github.com/asecurityteam/settings"
  packages = ["."]
  pruneopts = "UT"
  revision = "d4142d59861b3779aeba32111096d43ae940e49d"
  version = "v0.1.0"

[[projects]]
  digest = "1:067d27a5520b7ab98a652f32b33785de2ffc7028e50c722c993e7ee218046a30"
  name = "github.com/asecurityteam/transport"
  packages = ["."]
  pruneopts = "UT"
  revision = "b848ebf618ee2a8131b88126469b693aa035457f"
  version = "1.1.2"

[[projects]]
  digest = "1:28c998a6447b4d28ca5e0b2d045bf00affe03e3494019a583eee2803472be09c"
  name = "github.com/asecurityteam/transportd"
  packages = [
    "pkg",
    "pkg/components",
  ]
  pruneopts = "UT"
  revision = "291b8fc9a02ae14a38d25f1f5993464c25a077b4"
  version = "v0.3.2"

[[projects]]
  digest = "1:019196f2ac870c197938d739cf0cdd4b78a39dc5c533021ed39899e390d34cd7"
  name = "github.com/aws/aws-lambda-go"
  packages = [
    "lambda",
    "lambda/handlertrace",
    "lambda/messages",
    "lambdacontext",
  ]
  pruneopts = "UT"
  revision = "4c210d7623089d36b6bb6febf5a5e553bf73fbfb"
  version = "v1.11.1"

[[projects]]
  digest = "1:935398f1dc09c3860acaa3f29a0daf60d147696e80d3cdb20d6394b8d240afc2"
  name = "github.com/aws/aws-sdk-go"
  packages = [
    "aws",
    "aws/awserr",
    "aws/awsutil",
    "aws/client",
    "aws/client/metadata",
    "aws/corehandlers",
    "aws/credentials",
    "aws/credentials/ec2rolecreds",
    "aws/credentials/endpointcreds",
    "aws/credentials/processcreds",
    "aws/credentials/stscreds",
    "aws/crr",
    "aws/csm",
    "aws/defaults",
    "aws/ec2metadata",
    "aws/endpoints",
    "aws/request",
    "aws/session",
    "aws/signer/v4",
    "internal/ini",
    "internal/s3err",
    "internal/sdkio",
    "internal/sdkrand",
    "internal/sdkuri",
    "internal/shareddefaults",
    "private/protocol",
    "private/protocol/eventstream",
    "private/protocol/eventstream/eventstreamapi",
    "private/protocol/json/jsonutil",
    "private/protocol/jsonrpc",
    "private/protocol/query",
    "private/protocol/query/queryutil",
    "private/protocol/rest",
    "private/protocol/restjson",
    "private/protocol/restxml",
    "private/protocol/xml/xmlutil",
    "service/dynamodb",
    "service/dynamodb/dynamodbattribute",
    "service/dynamodb/dynamodbiface",
    "service/dynamodb/expression",
    "service/kinesis",
    "service/kinesis/kinesisiface",
    "service/lambda",
    "service/s3",
    "service/s3/s3iface",
    "service/s3/s3manager",
    "service/sqs",
    "service/sts",
  ]
  pruneopts = "UT"
  revision = "a1d51bafccb48eb36512b3cd8b1ad3e63737af9b"
  version = "v1.20.11"

[[projects]]
  digest = "1:4934e5e39af906e43f90db046ef879b3867868ebc552f227cebefd0f5997e195"
  name = "github.com/benhoyt/goawk"
  packages = [
    "internal/ast",
    "internal/strutil",
    "interp",
    "lexer",
    "parser",
  ]
  pruneopts = "UT"
  revision = "1a4e25c71b2d8792192ecd827bb7464308a9da33"
  version = "v1.6.0"

[[projects]]
  digest = "1:d6afaeed1502aa28e80a4ed0981d570ad91b2579193404256ce672ed0a609e0d"
  name = "github.com/beorn7/perks"
  packages = ["quantile"]
  pruneopts = "UT"
  revision = "4b2b341e8d7715fae06375aa633dbb6e91b3fb46"
  version = "v1.0.0"

[[projects]]
  branch = "master"
  digest = "1:f98385a9b77f6cacae716a59c04e6ac374d101466d4369c4e8cc706a39c4bb2e"
  name = "github.com/bradfitz/gomemcache"
  packages = ["memcache"]
  pruneopts = "UT"
  revision = "551aad21a6682b95329c1f5bd62ee5060d64f7e8"

[[projects]]
  digest = "1:c1100fc71e23b6a32b2c68a5202a848fd13811d5a10b12edb8019c3667d1cd9a"
  name = "github.com/cenkalti/backoff"
  packages = ["."]
  pruneopts = "UT"
  revision = "4b4cebaf850ec58f1bb1fec5bdebdf8501c2bc3f"
  version = "v3.0.0"

[[projects]]
  digest = "1:bf2909a0e829fd1160bf31b4f8a10443c8aa4d599f249e7be7e3382d8de702f5"
  name = "github.com/colinmarc/hdfs"
  packages = [
    ".",
    "protocol/hadoop_common",
    "protocol/hadoop_hdfs",
    "rpc",
  ]
  pruneopts = "UT"
  revision = "e2c734b8518275eeb74661de28966a00b9b6c212"
  version = "v1.1.3"

[[projects]]
  digest = "1:ffe9824d294da03b391f44e1ae8281281b4afc1bdaa9588c9097785e3af10cec"
  name = "github.com/davecgh/go-spew"
  packages = ["spew"]
  pruneopts = "UT"
  revision = "8991bc29aa16c548c550c7ff78260e27b9ab7c73"
  version = "v1.1.1"

[[projects]]
  digest = "1:1f0c7ab489b407a7f8f9ad16c25a504d28ab461517a971d341388a56156c1bd7"
  name = "github.com/eapache/go-resiliency"
  packages = ["breaker"]
  pruneopts = "UT"
  revision = "5efd2ed019fd331ec2defc6f3bd98882f1e3e636"
  version = "v1.2.0"

[[projects]]
  branch = "master"
  digest = "1:79f16588b5576b1b3cd90e48d2374cc9a1a8776862d28d8fd0f23b0e15534967"
  name = "github.com/eapache/go-xerial-snappy"
  packages = ["."]
  pruneopts = "UT"
  revision = "776d5712da21bc4762676d614db1d8a64f4238b0"

[[projects]]
  digest = "1:444b82bfe35c83bbcaf84e310fb81a1f9ece03edfed586483c869e2c046aef69"
  name = "github.com/eapache/queue"
  packages = ["."]
  pruneopts = "UT"
  revision = "44cc805cf13205b55f69e14bcb69867d1ae92f98"
  version = "v1.1.0"

[[projects]]
  digest = "1:bb89a2542933056fcebc2950bb15ec636e623cc43c96597288aa2009f15b0ce1"
  name = "github.com/eclipse/paho.mqtt.golang"
  packages = [
    ".",
    "packets",
  ]
  pruneopts = "UT"
  revision = "adca289fdcf8c883800aafa545bc263452290bae"
  version = "v1.2.0"

[[projects]]
  digest = "1:edb569dd02419a41ddd98768cc0e7aec922ef19dae139731e5ca750afcf6f4c5"
  name = "github.com/edsrzf/mmap-go"
  packages = ["."]
  pruneopts = "UT"
  revision = "188cc3b666ba704534fa4f96e9e61f21f1e1ba7c"
  version = "v1.0.0"

[[projects]]
  digest = "1:af43bdaaf86655a2343f113e9b293bbc16b12099eaeb223982bbe4d4c22ba14d"
  name = "github.com/fatih/structs"
  packages = ["."]
  pruneopts = "UT"
  revision = "4966fc68f5b7593aafa6cbbba2d65ec6e1416047"
  version = "v1.1.0"

[[projects]]
  branch = "master"
  digest = "1:b313598e8a5f9c16eb7202b62e485f59daefb7f89f8095d31ab3639d9929a34a"
  name = "github.com/getkin/kin-openapi"
  packages = [
    "jsoninfo",
    "openapi3",
    "openapi3filter",
    "pathpattern",
  ]
  pruneopts = "UT"
  revision = "b820876da6b5c3c361d8c2cddebf89e2135f82d7"

[[projects]]
  digest = "1:2cd7915ab26ede7d95b8749e6b1f933f1c6d5398030684e6505940a10f31cfda"
  name = "github.com/ghodss/yaml"
  packages = ["."]
  pruneopts = "UT"
  revision = "0ca9ea5df5451ffdf184b4428c902747c2c11cd7"
  version = "v1.0.0"

[[projects]]
  digest = "1:cb53653e4e410ef91f3a83568464ef966e1732ad9a00b2719571f90eae9a15a7"
  name = "github.com/go-chi/chi"
  packages = [
    ".",
    "middleware",
  ]
  pruneopts = "UT"
  revision = "08d9051ef6546d57c5dca8eae13e6df362e2d568"
  version = "v3.3.4"

[[projects]]
  digest = "1:c950e574951c7199fb3d990d0e7a61996f40f8e646ba7cf8a557878d4c737f53"
  name = "github.com/go-redis/redis"
  packages = [
    ".",
    "internal",
    "internal/consistenthash",
    "internal/hashtag",
    "internal/pool",
    "internal/proto",
    "internal/util",
  ]
  pruneopts = "UT"
  revision = "75795aa4236dc7341eefac3bbe945e68c99ef9df"
  version = "v6.15.3"

[[projects]]
  digest = "1:ec6f9bf5e274c833c911923c9193867f3f18788c461f76f05f62bb1510e0ae65"
  name = "github.com/go-sql-driver/mysql"
  packages = ["."]
  pruneopts = "UT"
  revision = "72cd26f257d44c1114970e19afddcd812016007e"
  version = "v1.4.1"

[[projects]]
  digest = "1:4d2e5a73dc1500038e504a8d78b986630e3626dc027bc030ba5c75da257cdb96"
  name = "github.com/go-yaml/yaml"
  packages = ["."]
  pruneopts = "UT"
  revision = "51d6538a90f86fe93ac480b35f37b2be17fef232"
  version = "v2.2.2"

[[projects]]
  digest = "1:bed9d72d596f94e65fff37f4d6c01398074a6bb1c3f3ceff963516bd01db6ff5"
  name = "github.com/gofrs/uuid"
  packages = ["."]
  pruneopts = "UT"
  revision = "6b08a5c5172ba18946672b49749cde22873dd7c2"
  version = "v3.2.0"

[[projects]]
  digest = "1:4652941215f23c7ad6546bab86964c72248a1134baa53f0df618661344ba5cac"
  name = "github.com/gogo/protobuf"
  packages = [
    "gogoproto",
    "proto",
    "protoc-gen-gogo/descriptor",
  ]
  pruneopts = "UT"
  revision = "ba06b47c162d49f2af050fb4c75bcbc86a159d5c"
  version = "v1.2.1"

[[projects]]
  digest = "1:f2bc519aefa5511928d70d067ae2828cfa60fd3947cc8d166f070a0ce705f782"
  name = "github.com/golang/protobuf"
  packages = [
    "proto",
    "protoc-gen-go/descriptor",
    "ptypes",
    "ptypes/any",
    "ptypes/duration",
    "ptypes/empty",
    "ptypes/timestamp",
  ]
  pruneopts = "UT"
  revision = "b5d812f8a3706043e23a9cd5babf2e5423744d30"
  version = "v1.3.1"

[[projects]]
  digest = "1:e4f5819333ac698d294fe04dbf640f84719658d5c7ce195b10060cc37292ce79"
  name = "github.com/golang/snappy"
  packages = ["."]
  pruneopts = "UT"
  revision = "2a8bb927dd31d8daada140a5d09578521ce5c36a"
  version = "v0.0.1"

[[projects]]
  digest = "1:582b704bebaa06b48c29b0cec224a6058a09c86883aaddabde889cd1a5f73e1b"
  name = "github.com/google/uuid"
  packages = ["."]
  pruneopts = "UT"
  revision = "0cd6bf5da1e1c83f8b45653022c74f71af0538a4"
  version = "v1.1.1"

[[projects]]
  digest = "1:766102087520f9d54f2acc72bd6637045900ac735b4a419b128d216f0c5c4876"
  name = "github.com/googleapis/gax-go"
  packages = ["v2"]
  pruneopts = "UT"
  revision = "bd5b16380fd03dc758d11cef74ba2e3bc8b0e8c2"
  version = "v2.0.5"

[[projects]]
  digest = "1:3af6be4fee7c08f81f13d36f04ffb63ad4b6b5aaba12cce96095c7c2863d4912"
  name = "github.com/gorilla/mux"
  packages = ["."]
  pruneopts = "UT"
  revision = "ed099d42384823742bba0bf9a72b53b55c9e2e38"
  version = "v1.7.2"

[[projects]]
  digest = "1:7b5c6e2eeaa9ae5907c391a91c132abfd5c9e8a784a341b5625e750c67e6825d"
  name = "github.com/gorilla/websocket"
  packages = ["."]
  pruneopts = "UT"
  revision = "66b9c49e59c6c48f0ffce28c2d8b8a5678502c6d"
  version = "v1.4.0"

[[projects]]
  digest = "1:67474f760e9ac3799f740db2c489e6423a4cde45520673ec123ac831ad849cb8"
  name = "github.com/hashicorp/golang-lru"
  packages = ["simplelru"]
  pruneopts = "UT"
  revision = "7087cb70de9f7a8bc0a10c375cb0d2280a8edf9c"
  version = "v0.5.1"

[[projects]]
  digest = "1:bb81097a5b62634f3e9fec1014657855610c82d19b9a40c17612e32651e35dca"
  name = "github.com/jmespath/go-jmespath"
  packages = ["."]
  pruneopts = "UT"
  revision = "c2b33e84"

[[projects]]
  digest = "1:bdd53b87de8185da386bae179c84d4848854c6870bacacf6a154fe63e2e750f7"
  name = "github.com/lib/pq"
  packages = [
    ".",
    "oid",
    "scram",
  ]
  pruneopts = "UT"
  revision = "bc6a3c0594130b1e34005880bc600b6d3f49fa7f"
  version = "v1.1.1"

[[projects]]
  branch = "master"
  digest = "1:ad157c87bae81a72ca4cc7b5d2da8907eeedf060ac9828833bfa3013982f6f66"
  name = "github.com/mailru/easyjson"
  packages = [
    ".",
    "buffer",
    "jlexer",
    "jwriter",
  ]
  pruneopts = "UT"
  revision = "b2ccc519800e761ac8000b95e5d57c80a897ff9e"

[[projects]]
  digest = "1:ff5ebae34cfbf047d505ee150de27e60570e8c394b3b8fdbb720ff6ac71985fc"
  name = "github.com/matttproud/golang_protobuf_extensions"
  packages = ["pbutil"]
  pruneopts = "UT"
  revision = "c12348ce28de40eed0136aa2b644d0ee0650e56c"
  version = "v1.0.1"

[[projects]]
  digest = "1:6ff1026b8d873d074ddec82ad60bb0eb537dc013f456ef26b63d30beba2f99e7"
  name = "github.com/microcosm-cc/bluemonday"
  packages = ["."]
  pruneopts = "UT"
  revision = "506f3da9b7c86d737e91f16b7431df8635871552"
  version = "v1.0.2"

[[projects]]
  digest = "1:2ca73053216eb11c8eea2855c8099ad82773638522f91cc0542ec9759163ff3c"
  name = "github.com/nats-io/go-nats"
  packages = [
    ".",
    "encoders/builtin",
    "util",
  ]
  pruneopts = "UT"
  revision = "70fe06cee50d4b6f98248d9675fb55f2a3aa7228"
  version = "v1.7.2"

[[projects]]
  digest = "1:25a0458641a719a972fa7850c900aaae6b12e74efa6fe35c9bd7a772543bc635"
  name = "github.com/nats-io/go-nats-streaming"
  packages = [
    ".",
    "pb",
  ]
  pruneopts = "UT"
  revision = "7cd94c239033c0405a43454be55a0810d3a3ca89"
  version = "v0.4.4"

[[projects]]
  digest = "1:0b5d91120efc54504bc253fda90b08c4be88cd78a4023ef60019e95bb0cdc136"
  name = "github.com/nats-io/nkeys"
  packages = ["."]
  pruneopts = "UT"
  revision = "1546a3320a8f195a5b5c84aef8309377c2e411d5"
  version = "v0.0.2"

[[projects]]
  digest = "1:599f3202ce0a754144ddc4be4c6df9c6ab27b1d722a63ede6b2e0c3a2cc338a8"
  name = "github.com/nats-io/nuid"
  packages = ["."]
  pruneopts = "UT"
  revision = "4b96681fa6d28dd0ab5fe79bac63b3a493d9ee94"
  version = "v1.0.1"

[[projects]]
  digest = "1:bb48459ec76efe45f13094480296462ef5c9aaa56662918819b7a8fce3155b8b"
  name = "github.com/nsqio/go-nsq"
  packages = ["."]
  pruneopts = "UT"
  revision = "eee57a3ac4174c55924125bb15eeeda8cffb6e6f"
  version = "v1.0.7"

[[projects]]
  digest = "1:d7c38850ea383969a007d134eb4e09bff4fd4eb2fc715c1ad424834579ddbfad"
  name = "github.com/olivere/elastic"
  packages = [
    ".",
    "aws/v4",
    "config",
    "uritemplates",
  ]
  pruneopts = "UT"
  revision = "9a5942842e80bd3c67c6bf9385a32a6c29eba0e4"
  version = "v6.2.19"

[[projects]]
  digest = "1:11e62d6050198055e6cd87ed57e5d8c669e84f839c16e16f192374d913d1a70d"
  name = "github.com/opentracing/opentracing-go"
  packages = [
    ".",
    "ext",
    "log",
  ]
  pruneopts = "UT"
  revision = "659c90643e714681897ec2521c60567dd21da733"
  version = "v1.1.0"

[[projects]]
  digest = "1:88996a6b70e2cc7044c25caecd49e4d09bbcdd03e508f65d366f600cfb506dd6"
  name = "github.com/pebbe/zmq4"
  packages = ["."]
  pruneopts = "UT"
  revision = "5b443b6471cea4b4f9f85025530c04c93233f76a"
  version = "v1.0.0"

[[projects]]
  digest = "1:259f9b7645983a7a823318d78aa96dec68af8891f706493ac1ec04d819cb977c"
  name = "github.com/pierrec/lz4"
  packages = [
    ".",
    "internal/xxh32",
  ]
  pruneopts = "UT"
  revision = "d705d4371bfccdf47f10e45584e896026c83616f"
  version = "v2.2.3"

[[projects]]
  digest = "1:cf31692c14422fa27c83a05292eb5cbe0fb2775972e8f1f8446a71549bd8980b"
  name = "github.com/pkg/errors"
  packages = ["."]
  pruneopts = "UT"
  revision = "ba968bfe8b2f7e042a574c888954fccecfa385b4"
  version = "v0.8.1"

[[projects]]
  digest = "1:82f6ed36dc05cd059b5a6818978306f616c7b1ed64638c2911d3f451ca424e74"
  name = "github.com/prometheus/client_golang"
  packages = [
    "prometheus",
    "prometheus/internal",
    "prometheus/promhttp",
    "prometheus/push",
  ]
  pruneopts = "UT"
  revision = "4ab88e80c249ed361d3299e2930427d9ac43ef8d"
  version = "v1.0.0"

[[projects]]
  branch = "master"
  digest = "1:2d5cd61daa5565187e1d96bae64dbbc6080dacf741448e9629c64fd93203b0d4"
  name = "github.com/prometheus/client_model"
  packages = ["go"]
  pruneopts = "UT"
  revision = "fd36f4220a901265f90734c3183c5f0c91daa0b8"

[[projects]]
  digest = "1:8dcedf2e8f06c7f94e48267dea0bc0be261fa97b377f3ae3e87843a92a549481"
  name = "github.com/prometheus/common"
  packages = [
    "expfmt",
    "internal/bitbucket.org/ww/goautoneg",
    "model",
  ]
  pruneopts = "UT"
  revision = "31bed53e4047fd6c510e43a941f90cb31be0972a"
  version = "v0.6.0"

[[projects]]
  digest = "1:366f5aa02ff6c1e2eccce9ca03a22a6d983da89eecff8a89965401764534eb7c"
  name = "github.com/prometheus/procfs"
  packages = [
    ".",
    "internal/fs",
  ]
  pruneopts = "UT"
  revision = "3f98efb27840a48a7a2898ec80be07674d19f9c8"
  version = "v0.0.3"

[[projects]]
  branch = "master"
  digest = "1:e9144dbf6af388b06d118cf999e4cc2ce2378105e17c31659f21cbc608b357b2"
  name = "github.com/quipo/dependencysolver"
  packages = ["."]
  pruneopts = "UT"
  revision = "2b009cb4ddcc2d0c564450ff99dcdc7c8959f79d"

[[projects]]
  digest = "1:0f0fbbe91d01b561ae4de2c94173315c2802f9ce1a0106794a29a78f62e1ac52"
  name = "github.com/quipo/statsd"
  packages = [
    ".",
    "event",
  ]
  pruneopts = "UT"
  revision = "977fadbd5cda9975ab87279994ea2029efdbd436"
  version = "1.4.0"

[[projects]]
  branch = "master"
  digest = "1:d38f81081a389f1466ec98192cf9115a82158854d6f01e1c23e2e7554b97db71"
  name = "github.com/rcrowley/go-metrics"
  packages = ["."]
  pruneopts = "UT"
  revision = "3113b8401b8a98917cde58f8bbd42a1b1c03b1fd"

[[projects]]
  digest = "1:9665a593c0199c193341b8b110e31b19c899923711fc70bde2c2f3eb2d337526"
  name = "github.com/rs/xhandler"
  packages = ["."]
  pruneopts = "UT"
  revision = "d9d9599b6aaf6a058cb7b1f48291ded2cbd13390"
  version = "v1.0"

[[projects]]
  branch = "master"
  digest = "1:b312ce0585169062a8b55dd8ad9bacd54cc98b056670b8638da86b5535ebcd41"
  name = "github.com/rs/xstats"
  packages = [
    ".",
    "dogstatsd",
  ]
  pruneopts = "UT"
  revision = "c67367528e160e557423e4d87059614d8c31a582"

[[projects]]
  digest = "1:ff8c32bee60523e39cd04e58b14fae0c3d6adcbc419e9e0c3d991af0390ab270"
  name = "github.com/rs/zerolog"
  packages = [
    ".",
    "internal/cbor",
    "internal/json",
  ]
  pruneopts = "UT"
  revision = "acf3980132bfcdc48638724e6e3d9e5749b85999"
  version = "v1.14.3"

[[projects]]
  digest = "1:08d65904057412fc0270fc4812a1c90c594186819243160dc779a402d4b6d0bc"
  name = "github.com/spf13/cast"
  packages = ["."]
  pruneopts = "UT"
  revision = "8c9545af88b134710ab1cd196795e7f2388358d7"
  version = "v1.3.0"

[[projects]]
  branch = "master"
  digest = "1:d6bb6f3240a488ffe5bb6952b513569d009927dcb20ff94885f87b76cef2b698"
  name = "github.com/streadway/amqp"
  packages = ["."]
  pruneopts = "UT"
  revision = "75d898a42a940fbc854dfd1a4199eabdc00cf024"

[[projects]]
  digest = "1:c2432b2c59cd5dd264d2af14da0a428f82e2488bab8e291650137dab40a69eac"
  name = "github.com/trivago/grok"
  packages = ["."]
  pruneopts = "UT"
  revision = "af18cdd9faf3e06aedce0974c7e4012efc87658e"
  version = "v1.0.0"

[[projects]]
  digest = "1:3b0ac1ac6f703e6d43f4e29c97da2c9e34465c66e2e19f9828e9841d1c9279a4"
  name = "github.com/uber/jaeger-client-go"
  packages = [
    ".",
    "config",
    "internal/baggage",
    "internal/baggage/remote",
    "internal/spanlog",
    "internal/throttler",
    "internal/throttler/remote",
    "log",
    "rpcmetrics",
    "thrift",
    "thrift-gen/agent",
    "thrift-gen/baggage",
    "thrift-gen/jaeger",
    "thrift-gen/sampling",
    "thrift-gen/zipkincore",
    "transport",
    "utils",
  ]
  pruneopts = "UT"
  revision = "2f47546e3facd43297739439600bcf43f44cce5d"
  version = "v2.16.0"

[[projects]]
  digest = "1:c9d69a04f7fa171f50360bbcc32196b4de8ab8837ef772f6302d0140a1e3e7f6"
  name = "github.com/uber/jaeger-lib"
  packages = ["metrics"]
  pruneopts = "UT"
  revision = "0e30338a695636fe5bcf7301e8030ce8dd2a8530"
  version = "v2.0.0"

[[projects]]
  branch = "master"
  digest = "1:00e4c919ffc9367cb70a6f159d45ea48404f1fa99358c446f35283c07c7ebc0e"
  name = "github.com/vincent-petithory/dataurl"
  packages = ["."]
  pruneopts = "UT"
  revision = "9a301d65acbb728fcc3ace14f45f511a4cfeea9c"

[[projects]]
  digest = "1:bf33f7cd985e8e62eeef3b1985ec48f0f274e4083fa811596aafaf3af2947e83"
  name = "go.opencensus.io"
  packages = [
    ".",
    "internal",
    "internal/tagencoding",
    "metric/metricdata",
    "metric/metricproducer",
    "plugin/ocgrpc",
    "plugin/ochttp",
    "plugin/ochttp/propagation/b3",
    "resource",
    "stats",
    "stats/internal",
    "stats/view",
    "tag",
    "trace",
    "trace/internal",
    "trace/propagation",
    "trace/tracestate",
  ]
  pruneopts = "UT"
  revision = "9c377598961b706d1542bd2d84d538b5094d596e"
  version = "v0.22.0"

[[projects]]
  branch = "master"
  digest = "1:cd7e85fc3687e062714febdee3e8efeb00a413a2a620d28908fd0258261d2353"
  name = "golang.org/x/crypto"
  packages = [
    "ed25519",
    "ed25519/internal/edwards25519",
  ]
  pruneopts = "UT"
  revision = "cc06ce4a13d484c0101a9e92913248488a75786d"

[[projects]]
  branch = "master"
  digest = "1:487600849b898616e5d1eb0f2adc253bdcda3ef3a009f08836ff78a755fa535e"
  name = "golang.org/x/net"
  packages = [
    "context",
    "context/ctxhttp",
    "html",
    "html/atom",
    "http/httpguts",
    "http2",
    "http2/hpack",
    "idna",
    "internal/socks",
    "internal/timeseries",
    "proxy",
    "trace",
    "websocket",
  ]
  pruneopts = "UT"
  revision = "3b0461eec859c4b73bb64fdc8285971fd33e3938"

[[projects]]
  branch = "master"
  digest = "1:31e33f76456ccf54819ab4a646cf01271d1a99d7712ab84bf1a9e7b61cd2031b"
  name = "golang.org/x/oauth2"
  packages = [
    ".",
    "google",
    "internal",
    "jws",
    "jwt",
  ]
  pruneopts = "UT"
  revision = "0f29369cfe4552d0e4bcddc57cc75f4d7e672a33"

[[projects]]
  branch = "master"
  digest = "1:a2fc247e64b5dafd3251f12d396ec85f163d5bb38763c4997856addddf6e78d8"
  name = "golang.org/x/sync"
  packages = [
    "errgroup",
    "semaphore",
  ]
  pruneopts = "UT"
  revision = "112230192c580c3556b8cee6403af37a4fc5f28c"

[[projects]]
  branch = "master"
  digest = "1:afb5346f71acefc3da7ad800f952cb2bcdb762194b05304bbf54d7f9490e31c5"
  name = "golang.org/x/sys"
  packages = [
    "unix",
    "windows",
  ]
  pruneopts = "UT"
  revision = "04f50cda93cbb67f2afa353c52f342100e80e625"

[[projects]]
  digest = "1:8d8faad6b12a3a4c819a3f9618cb6ee1fa1cfc33253abeeea8b55336721e3405"
  name = "golang.org/x/text"
  packages = [
    "collate",
    "collate/build",
    "internal/colltab",
    "internal/gen",
    "internal/language",
    "internal/language/compact",
    "internal/tag",
    "internal/triegen",
    "internal/ucd",
    "language",
    "secure/bidirule",
    "transform",
    "unicode/bidi",
    "unicode/cldr",
    "unicode/norm",
    "unicode/rangetable",
  ]
  pruneopts = "UT"
  revision = "342b2e1fbaa52c93f31447ad2c6abc048c63e475"
  version = "v0.3.2"

[[projects]]
  digest = "1:bc06b12d8436550fccc0212037e9281a7e4d53db25c2349eb3cc6c3457e0406b"
  name = "google.golang.org/api"
  packages = [
    "googleapi/transport",
    "internal",
    "iterator",
    "option",
    "support/bundler",
    "transport",
    "transport/grpc",
    "transport/http",
    "transport/http/internal/propagation",
  ]
  pruneopts = "UT"
  revision = "02490b97dff7cfde1995bd77de808fd27053bc87"
  version = "v0.7.0"

[[projects]]
  digest = "1:31521c35d153515cf1be44b4231590b06f44b4941cf2aee5e96719fbe6cc70b8"
  name = "google.golang.org/appengine"
  packages = [
    ".",
    "cloudsql",
    "internal",
    "internal/app_identity",
    "internal/base",
    "internal/datastore",
    "internal/log",
    "internal/modules",
    "internal/remote_api",
    "internal/socket",
    "internal/urlfetch",
    "socket",
    "urlfetch",
  ]
  pruneopts = "UT"
  revision = "b2f4a3cf3c67576a2ee09e1fe62656a5086ce880"
  version = "v1.6.1"

[[projects]]
  branch = "master"
  digest = "1:1aa1e91d5229c9588048505a0cfb6a1f7f4d17be4454c14958b151cf4ad24263"
  name = "google.golang.org/genproto"
  packages = [
    "googleapis/api/annotations",
    "googleapis/iam/v1",
    "googleapis/pubsub/v1",
    "googleapis/rpc/status",
    "googleapis/type/expr",
    "protobuf/field_mask",
  ]
  pruneopts = "UT"
  revision = "eb59cef1c072c61ea4f7623910448d5e9c6a4455"

[[projects]]
  digest = "1:9db2e6e9d0d0a6580f01a242d30e895efd65b57ed923f50ea37667a6c09665bd"
  name = "google.golang.org/grpc"
  packages = [
    ".",
    "balancer",
    "balancer/base",
    "balancer/grpclb",
    "balancer/grpclb/grpc_lb_v1",
    "balancer/roundrobin",
    "binarylog/grpc_binarylog_v1",
    "codes",
    "connectivity",
    "credentials",
    "credentials/alts",
    "credentials/alts/internal",
    "credentials/alts/internal/authinfo",
    "credentials/alts/internal/conn",
    "credentials/alts/internal/handshaker",
    "credentials/alts/internal/handshaker/service",
    "credentials/alts/internal/proto/grpc_gcp",
    "credentials/google",
    "credentials/internal",
    "credentials/oauth",
    "encoding",
    "encoding/proto",
    "grpclog",
    "internal",
    "internal/backoff",
    "internal/balancerload",
    "internal/binarylog",
    "internal/channelz",
    "internal/envconfig",
    "internal/grpcrand",
    "internal/grpcsync",
    "internal/syscall",
    "internal/transport",
    "keepalive",
    "metadata",
    "naming",
    "peer",
    "resolver",
    "resolver/dns",
    "resolver/passthrough",
    "stats",
    "status",
    "tap",
  ]
  pruneopts = "UT"
  revision = "501c41df7f472c740d0674ff27122f3f48c80ce7"
  version = "v1.21.1"

[[projects]]
  digest = "1:4d2e5a73dc1500038e504a8d78b986630e3626dc027bc030ba5c75da257cdb96"
  name = "gopkg.in/yaml.v2"
  packages = ["."]
  pruneopts = "UT"
  revision = "51d6538a90f86fe93ac480b35f37b2be17fef232"
  version = "v2.2.2"

[[projects]]
  branch = "v3"
  digest = "1:e11e6a71536a7120d56ea0c0cbfb4cf2b24b328f3982e8d03ce6939f7fe8b14c"
  name = "gopkg.in/yaml.v3"
  packages = ["."]
  pruneopts = "UT"
  revision = "55513cacd4ae8b250e3a9084ab9d8c407b1ed618"

[[projects]]
  digest = "1:f9c82cb97ba3dda4162a7780dd8657603aaf8e600c5f0bd7a3e8e96fad2b5c01"
  name = "nanomsg.org/go-mangos"
  packages = [
    ".",
    "protocol/pub",
    "protocol/pull",
    "protocol/push",
    "protocol/sub",
    "transport/ipc",
    "transport/tcp",
  ]
  pruneopts = "UT"
  revision = "c289f0f3165d00720e9dcef856b52d799f0bb008"
  version = "v1.4.0"

[solve-meta]
  analyzer-name = "dep"
  analyzer-version = 1
  input-imports = [
    "github.com/asecurityteam/component-producer",
    "github.com/asecurityteam/runhttp",
    "github.com/asecurityteam/serverfull",
    "github.com/asecurityteam/settings",
    "github.com/aws/aws-sdk-go/aws",
    "github.com/aws/aws-sdk-go/aws/session",
    "github.com/aws/aws-sdk-go/service/dynamodb",
    "github.com/aws/aws-sdk-go/service/dynamodb/dynamodbattribute",
    "github.com/aws/aws-sdk-go/service/dynamodb/dynamodbiface",
    "github.com/google/uuid",
  ]
  solver-name = "gps-cdcl"
  solver-version = 1
